// !$*UTF8*$!
{
	archiveVersion = 1;
	classes = {
	};
	objectVersion = 56;
	objects = {

/* Begin PBXBuildFile section */
		F4499E7C2AC60508005D8B80 /* Regras.swift in Sources */ = {isa = PBXBuildFile; fileRef = F4499E7B2AC60508005D8B80 /* Regras.swift */; };
		F4499E7E2AC6050E005D8B80 /* Conteudo.swift in Sources */ = {isa = PBXBuildFile; fileRef = F4499E7D2AC6050E005D8B80 /* Conteudo.swift */; };
		F4499E802AC60511005D8B80 /* DadosDeJogo.swift in Sources */ = {isa = PBXBuildFile; fileRef = F4499E7F2AC60511005D8B80 /* DadosDeJogo.swift */; };
		F4499EA02AC624EC005D8B80 /* ReadData.swift in Sources */ = {isa = PBXBuildFile; fileRef = F4499E9F2AC624EC005D8B80 /* ReadData.swift */; };
		F4499EA22AC627FE005D8B80 /* ReadData2.swift in Sources */ = {isa = PBXBuildFile; fileRef = F4499EA12AC627FE005D8B80 /* ReadData2.swift */; };
		F4499EA42AC62804005D8B80 /* ReadData3.swift in Sources */ = {isa = PBXBuildFile; fileRef = F4499EA32AC62804005D8B80 /* ReadData3.swift */; };
		F48B1B3F2AC4D38E0027F3C9 /* UploadPersonagem3.swift in Sources */ = {isa = PBXBuildFile; fileRef = F48B1B3E2AC4D38E0027F3C9 /* UploadPersonagem3.swift */; };
		F4A53EE12ABE0F6500BB4AB8 /* MidView.swift in Sources */ = {isa = PBXBuildFile; fileRef = F4A53EE02ABE0F6500BB4AB8 /* MidView.swift */; };
		F4A53EE32ABE110E00BB4AB8 /* UploadPersonagem.swift in Sources */ = {isa = PBXBuildFile; fileRef = F4A53EE22ABE110E00BB4AB8 /* UploadPersonagem.swift */; };
		F4A53EE52ABE250800BB4AB8 /* UploadPersonagem2.swift in Sources */ = {isa = PBXBuildFile; fileRef = F4A53EE42ABE250800BB4AB8 /* UploadPersonagem2.swift */; };
		F4E719722AC365B40072236C /* PersonagemView.swift in Sources */ = {isa = PBXBuildFile; fileRef = F4E719712AC365B40072236C /* PersonagemView.swift */; };
		F4E719742AC3692D0072236C /* PersonagemView2.swift in Sources */ = {isa = PBXBuildFile; fileRef = F4E719732AC3692D0072236C /* PersonagemView2.swift */; };
		F4F1C9882ABA0A3D000C3B0A /* RPG_ManagerApp.swift in Sources */ = {isa = PBXBuildFile; fileRef = F4F1C9872ABA0A3D000C3B0A /* RPG_ManagerApp.swift */; };
		F4F1C98A2ABA0A3D000C3B0A /* ContentView.swift in Sources */ = {isa = PBXBuildFile; fileRef = F4F1C9892ABA0A3D000C3B0A /* ContentView.swift */; };
		F4F1C98C2ABA0A3E000C3B0A /* Assets.xcassets in Resources */ = {isa = PBXBuildFile; fileRef = F4F1C98B2ABA0A3E000C3B0A /* Assets.xcassets */; };
		F4F1C98F2ABA0A3E000C3B0A /* Preview Assets.xcassets in Resources */ = {isa = PBXBuildFile; fileRef = F4F1C98E2ABA0A3E000C3B0A /* Preview Assets.xcassets */; };
		F4F1C9982ABA1D61000C3B0A /* Home.swift in Sources */ = {isa = PBXBuildFile; fileRef = F4F1C9972ABA1D61000C3B0A /* Home.swift */; };
		F4F1C99C2ABA3E84000C3B0A /* Introducao.swift in Sources */ = {isa = PBXBuildFile; fileRef = F4F1C99B2ABA3E84000C3B0A /* Introducao.swift */; };
		F4F1C99E2ABA3E8A000C3B0A /* Personagens.swift in Sources */ = {isa = PBXBuildFile; fileRef = F4F1C99D2ABA3E8A000C3B0A /* Personagens.swift */; };
		F4F1C9A22ABA3EC8000C3B0A /* Books.swift in Sources */ = {isa = PBXBuildFile; fileRef = F4F1C9A12ABA3EC8000C3B0A /* Books.swift */; };
		F4F1C9A42ABA4095000C3B0A /* ViewModel.swift in Sources */ = {isa = PBXBuildFile; fileRef = F4F1C9A32ABA4095000C3B0A /* ViewModel.swift */; };
		F4F9DFF52AC73F9F004681DB /* WIP.swift in Sources */ = {isa = PBXBuildFile; fileRef = F4F9DFF42AC73F9F004681DB /* WIP.swift */; };
/* End PBXBuildFile section */

/* Begin PBXFileReference section */
		F4499E7B2AC60508005D8B80 /* Regras.swift */ = {isa = PBXFileReference; fileEncoding = 4; lastKnownFileType = sourcecode.swift; name = Regras.swift; path = ../../../../Downloads/Regras.swift; sourceTree = "<group>"; };
		F4499E7D2AC6050E005D8B80 /* Conteudo.swift */ = {isa = PBXFileReference; fileEncoding = 4; lastKnownFileType = sourcecode.swift; name = Conteudo.swift; path = ../../../../Downloads/Conteudo.swift; sourceTree = "<group>"; };
		F4499E7F2AC60511005D8B80 /* DadosDeJogo.swift */ = {isa = PBXFileReference; fileEncoding = 4; lastKnownFileType = sourcecode.swift; name = DadosDeJogo.swift; path = ../../../../Downloads/DadosDeJogo.swift; sourceTree = "<group>"; };
		F4499E9F2AC624EC005D8B80 /* ReadData.swift */ = {isa = PBXFileReference; lastKnownFileType = sourcecode.swift; path = ReadData.swift; sourceTree = "<group>"; };
		F4499EA12AC627FE005D8B80 /* ReadData2.swift */ = {isa = PBXFileReference; lastKnownFileType = sourcecode.swift; path = ReadData2.swift; sourceTree = "<group>"; };
		F4499EA32AC62804005D8B80 /* ReadData3.swift */ = {isa = PBXFileReference; lastKnownFileType = sourcecode.swift; path = ReadData3.swift; sourceTree = "<group>"; };
		F48B1B3E2AC4D38E0027F3C9 /* UploadPersonagem3.swift */ = {isa = PBXFileReference; lastKnownFileType = sourcecode.swift; path = UploadPersonagem3.swift; sourceTree = "<group>"; };
		F4A53EE02ABE0F6500BB4AB8 /* MidView.swift */ = {isa = PBXFileReference; lastKnownFileType = sourcecode.swift; path = MidView.swift; sourceTree = "<group>"; };
		F4A53EE22ABE110E00BB4AB8 /* UploadPersonagem.swift */ = {isa = PBXFileReference; lastKnownFileType = sourcecode.swift; path = UploadPersonagem.swift; sourceTree = "<group>"; };
		F4A53EE42ABE250800BB4AB8 /* UploadPersonagem2.swift */ = {isa = PBXFileReference; lastKnownFileType = sourcecode.swift; path = UploadPersonagem2.swift; sourceTree = "<group>"; };
		F4E719712AC365B40072236C /* PersonagemView.swift */ = {isa = PBXFileReference; lastKnownFileType = sourcecode.swift; path = PersonagemView.swift; sourceTree = "<group>"; };
		F4E719732AC3692D0072236C /* PersonagemView2.swift */ = {isa = PBXFileReference; lastKnownFileType = sourcecode.swift; path = PersonagemView2.swift; sourceTree = "<group>"; };
		F4F1C9842ABA0A3D000C3B0A /* RPG Manager.app */ = {isa = PBXFileReference; explicitFileType = wrapper.application; includeInIndex = 0; path = "RPG Manager.app"; sourceTree = BUILT_PRODUCTS_DIR; };
		F4F1C9872ABA0A3D000C3B0A /* RPG_ManagerApp.swift */ = {isa = PBXFileReference; lastKnownFileType = sourcecode.swift; path = RPG_ManagerApp.swift; sourceTree = "<group>"; };
		F4F1C9892ABA0A3D000C3B0A /* ContentView.swift */ = {isa = PBXFileReference; lastKnownFileType = sourcecode.swift; path = ContentView.swift; sourceTree = "<group>"; };
		F4F1C98B2ABA0A3E000C3B0A /* Assets.xcassets */ = {isa = PBXFileReference; lastKnownFileType = folder.assetcatalog; path = Assets.xcassets; sourceTree = "<group>"; };
		F4F1C98E2ABA0A3E000C3B0A /* Preview Assets.xcassets */ = {isa = PBXFileReference; lastKnownFileType = folder.assetcatalog; path = "Preview Assets.xcassets"; sourceTree = "<group>"; };
		F4F1C9972ABA1D61000C3B0A /* Home.swift */ = {isa = PBXFileReference; lastKnownFileType = sourcecode.swift; path = Home.swift; sourceTree = "<group>"; };
		F4F1C99B2ABA3E84000C3B0A /* Introducao.swift */ = {isa = PBXFileReference; lastKnownFileType = sourcecode.swift; path = Introducao.swift; sourceTree = "<group>"; };
		F4F1C99D2ABA3E8A000C3B0A /* Personagens.swift */ = {isa = PBXFileReference; lastKnownFileType = sourcecode.swift; path = Personagens.swift; sourceTree = "<group>"; };
		F4F1C9A12ABA3EC8000C3B0A /* Books.swift */ = {isa = PBXFileReference; lastKnownFileType = sourcecode.swift; path = Books.swift; sourceTree = "<group>"; };
		F4F1C9A32ABA4095000C3B0A /* ViewModel.swift */ = {isa = PBXFileReference; lastKnownFileType = sourcecode.swift; path = ViewModel.swift; sourceTree = "<group>"; };
		F4F9DFF42AC73F9F004681DB /* WIP.swift */ = {isa = PBXFileReference; lastKnownFileType = sourcecode.swift; path = WIP.swift; sourceTree = "<group>"; };
/* End PBXFileReference section */

/* Begin PBXFrameworksBuildPhase section */
		F4F1C9812ABA0A3D000C3B0A /* Frameworks */ = {
			isa = PBXFrameworksBuildPhase;
			buildActionMask = 2147483647;
			files = (
			);
			runOnlyForDeploymentPostprocessing = 0;
		};
/* End PBXFrameworksBuildPhase section */

/* Begin PBXGroup section */
		F4F1C97B2ABA0A3D000C3B0A = {
			isa = PBXGroup;
			children = (
				F4F1C9862ABA0A3D000C3B0A /* RPG Manager */,
				F4F1C9852ABA0A3D000C3B0A /* Products */,
			);
			sourceTree = "<group>";
		};
		F4F1C9852ABA0A3D000C3B0A /* Products */ = {
			isa = PBXGroup;
			children = (
				F4F1C9842ABA0A3D000C3B0A /* RPG Manager.app */,
			);
			name = Products;
			sourceTree = "<group>";
		};
		F4F1C9862ABA0A3D000C3B0A /* RPG Manager */ = {
			isa = PBXGroup;
			children = (
				F4F1C9872ABA0A3D000C3B0A /* RPG_ManagerApp.swift */,
				F4F1C9892ABA0A3D000C3B0A /* ContentView.swift */,
				F4F1C9972ABA1D61000C3B0A /* Home.swift */,
				F4F1C9A32ABA4095000C3B0A /* ViewModel.swift */,
				F4F1C9A12ABA3EC8000C3B0A /* Books.swift */,
				F4F9DFF42AC73F9F004681DB /* WIP.swift */,
				F4499E9F2AC624EC005D8B80 /* ReadData.swift */,
				F4499EA12AC627FE005D8B80 /* ReadData2.swift */,
				F4499EA32AC62804005D8B80 /* ReadData3.swift */,
				F4F1C99B2ABA3E84000C3B0A /* Introducao.swift */,
				F4F1C99D2ABA3E8A000C3B0A /* Personagens.swift */,
				F4E719712AC365B40072236C /* PersonagemView.swift */,
				F4E719732AC3692D0072236C /* PersonagemView2.swift */,
				F4A53EE02ABE0F6500BB4AB8 /* MidView.swift */,
				F4A53EE22ABE110E00BB4AB8 /* UploadPersonagem.swift */,
				F4A53EE42ABE250800BB4AB8 /* UploadPersonagem2.swift */,
				F48B1B3E2AC4D38E0027F3C9 /* UploadPersonagem3.swift */,
				F4499E7B2AC60508005D8B80 /* Regras.swift */,
				F4499E7D2AC6050E005D8B80 /* Conteudo.swift */,
				F4499E7F2AC60511005D8B80 /* DadosDeJogo.swift */,
				F4F1C98B2ABA0A3E000C3B0A /* Assets.xcassets */,
				F4F1C98D2ABA0A3E000C3B0A /* Preview Content */,
			);
			path = "RPG Manager";
			sourceTree = "<group>";
		};
		F4F1C98D2ABA0A3E000C3B0A /* Preview Content */ = {
			isa = PBXGroup;
			children = (
				F4F1C98E2ABA0A3E000C3B0A /* Preview Assets.xcassets */,
			);
			path = "Preview Content";
			sourceTree = "<group>";
		};
/* End PBXGroup section */

/* Begin PBXNativeTarget section */
		F4F1C9832ABA0A3D000C3B0A /* RPG Manager */ = {
			isa = PBXNativeTarget;
			buildConfigurationList = F4F1C9922ABA0A3E000C3B0A /* Build configuration list for PBXNativeTarget "RPG Manager" */;
			buildPhases = (
				F4F1C9802ABA0A3D000C3B0A /* Sources */,
				F4F1C9812ABA0A3D000C3B0A /* Frameworks */,
				F4F1C9822ABA0A3D000C3B0A /* Resources */,
			);
			buildRules = (
			);
			dependencies = (
			);
			name = "RPG Manager";
			productName = "RPG Manager";
			productReference = F4F1C9842ABA0A3D000C3B0A /* RPG Manager.app */;
			productType = "com.apple.product-type.application";
		};
/* End PBXNativeTarget section */

/* Begin PBXProject section */
		F4F1C97C2ABA0A3D000C3B0A /* Project object */ = {
			isa = PBXProject;
			attributes = {
				BuildIndependentTargetsInParallel = 1;
				LastSwiftUpdateCheck = 1420;
				LastUpgradeCheck = 1420;
				TargetAttributes = {
					F4F1C9832ABA0A3D000C3B0A = {
						CreatedOnToolsVersion = 14.2;
					};
				};
			};
			buildConfigurationList = F4F1C97F2ABA0A3D000C3B0A /* Build configuration list for PBXProject "RPG Manager" */;
			compatibilityVersion = "Xcode 14.0";
			developmentRegion = en;
			hasScannedForEncodings = 0;
			knownRegions = (
				en,
				Base,
			);
			mainGroup = F4F1C97B2ABA0A3D000C3B0A;
			productRefGroup = F4F1C9852ABA0A3D000C3B0A /* Products */;
			projectDirPath = "";
			projectRoot = "";
			targets = (
				F4F1C9832ABA0A3D000C3B0A /* RPG Manager */,
			);
		};
/* End PBXProject section */

/* Begin PBXResourcesBuildPhase section */
		F4F1C9822ABA0A3D000C3B0A /* Resources */ = {
			isa = PBXResourcesBuildPhase;
			buildActionMask = 2147483647;
			files = (
				F4F1C98F2ABA0A3E000C3B0A /* Preview Assets.xcassets in Resources */,
				F4F1C98C2ABA0A3E000C3B0A /* Assets.xcassets in Resources */,
			);
			runOnlyForDeploymentPostprocessing = 0;
		};
/* End PBXResourcesBuildPhase section */

/* Begin PBXSourcesBuildPhase section */
		F4F1C9802ABA0A3D000C3B0A /* Sources */ = {
			isa = PBXSourcesBuildPhase;
			buildActionMask = 2147483647;
			files = (
				F4A53EE52ABE250800BB4AB8 /* UploadPersonagem2.swift in Sources */,
				F4499E7E2AC6050E005D8B80 /* Conteudo.swift in Sources */,
				F48B1B3F2AC4D38E0027F3C9 /* UploadPersonagem3.swift in Sources */,
				F4F1C9A22ABA3EC8000C3B0A /* Books.swift in Sources */,
				F4F9DFF52AC73F9F004681DB /* WIP.swift in Sources */,
				F4499EA42AC62804005D8B80 /* ReadData3.swift in Sources */,
				F4A53EE32ABE110E00BB4AB8 /* UploadPersonagem.swift in Sources */,
				F4F1C99C2ABA3E84000C3B0A /* Introducao.swift in Sources */,
				F4F1C98A2ABA0A3D000C3B0A /* ContentView.swift in Sources */,
				F4E719742AC3692D0072236C /* PersonagemView2.swift in Sources */,
				F4499E7C2AC60508005D8B80 /* Regras.swift in Sources */,
				F4F1C9982ABA1D61000C3B0A /* Home.swift in Sources */,
				F4F1C99E2ABA3E8A000C3B0A /* Personagens.swift in Sources */,
				F4A53EE12ABE0F6500BB4AB8 /* MidView.swift in Sources */,
				F4499EA22AC627FE005D8B80 /* ReadData2.swift in Sources */,
				F4F1C9882ABA0A3D000C3B0A /* RPG_ManagerApp.swift in Sources */,
				F4F1C9A42ABA4095000C3B0A /* ViewModel.swift in Sources */,
				F4E719722AC365B40072236C /* PersonagemView.swift in Sources */,
				F4499EA02AC624EC005D8B80 /* ReadData.swift in Sources */,
				F4499E802AC60511005D8B80 /* DadosDeJogo.swift in Sources */,
			);
			runOnlyForDeploymentPostprocessing = 0;
		};
/* End PBXSourcesBuildPhase section */

/* Begin XCBuildConfiguration section */
		F4F1C9902ABA0A3E000C3B0A /* Debug */ = {
			isa = XCBuildConfiguration;
			buildSettings = {
				ALWAYS_SEARCH_USER_PATHS = NO;
				CLANG_ANALYZER_NONNULL = YES;
				CLANG_ANALYZER_NUMBER_OBJECT_CONVERSION = YES_AGGRESSIVE;
				CLANG_CXX_LANGUAGE_STANDARD = "gnu++20";
				CLANG_ENABLE_MODULES = YES;
				CLANG_ENABLE_OBJC_ARC = YES;
				CLANG_ENABLE_OBJC_WEAK = YES;
				CLANG_WARN_BLOCK_CAPTURE_AUTORELEASING = YES;
				CLANG_WARN_BOOL_CONVERSION = YES;
				CLANG_WARN_COMMA = YES;
				CLANG_WARN_CONSTANT_CONVERSION = YES;
				CLANG_WARN_DEPRECATED_OBJC_IMPLEMENTATIONS = YES;
				CLANG_WARN_DIRECT_OBJC_ISA_USAGE = YES_ERROR;
				CLANG_WARN_DOCUMENTATION_COMMENTS = YES;
				CLANG_WARN_EMPTY_BODY = YES;
				CLANG_WARN_ENUM_CONVERSION = YES;
				CLANG_WARN_INFINITE_RECURSION = YES;
				CLANG_WARN_INT_CONVERSION = YES;
				CLANG_WARN_NON_LITERAL_NULL_CONVERSION = YES;
				CLANG_WARN_OBJC_IMPLICIT_RETAIN_SELF = YES;
				CLANG_WARN_OBJC_LITERAL_CONVERSION = YES;
				CLANG_WARN_OBJC_ROOT_CLASS = YES_ERROR;
				CLANG_WARN_QUOTED_INCLUDE_IN_FRAMEWORK_HEADER = YES;
				CLANG_WARN_RANGE_LOOP_ANALYSIS = YES;
				CLANG_WARN_STRICT_PROTOTYPES = YES;
				CLANG_WARN_SUSPICIOUS_MOVE = YES;
				CLANG_WARN_UNGUARDED_AVAILABILITY = YES_AGGRESSIVE;
				CLANG_WARN_UNREACHABLE_CODE = YES;
				CLANG_WARN__DUPLICATE_METHOD_MATCH = YES;
				COPY_PHASE_STRIP = NO;
				DEBUG_INFORMATION_FORMAT = dwarf;
				ENABLE_STRICT_OBJC_MSGSEND = YES;
				ENABLE_TESTABILITY = YES;
				GCC_C_LANGUAGE_STANDARD = gnu11;
				GCC_DYNAMIC_NO_PIC = NO;
				GCC_NO_COMMON_BLOCKS = YES;
				GCC_OPTIMIZATION_LEVEL = 0;
				GCC_PREPROCESSOR_DEFINITIONS = (
					"DEBUG=1",
					"$(inherited)",
				);
				GCC_WARN_64_TO_32_BIT_CONVERSION = YES;
				GCC_WARN_ABOUT_RETURN_TYPE = YES_ERROR;
				GCC_WARN_UNDECLARED_SELECTOR = YES;
				GCC_WARN_UNINITIALIZED_AUTOS = YES_AGGRESSIVE;
				GCC_WARN_UNUSED_FUNCTION = YES;
				GCC_WARN_UNUSED_VARIABLE = YES;
				IPHONEOS_DEPLOYMENT_TARGET = 16.2;
				MTL_ENABLE_DEBUG_INFO = INCLUDE_SOURCE;
				MTL_FAST_MATH = YES;
				ONLY_ACTIVE_ARCH = YES;
				SDKROOT = iphoneos;
				SWIFT_ACTIVE_COMPILATION_CONDITIONS = DEBUG;
				SWIFT_OPTIMIZATION_LEVEL = "-Onone";
			};
			name = Debug;
		};
		F4F1C9912ABA0A3E000C3B0A /* Release */ = {
			isa = XCBuildConfiguration;
			buildSettings = {
				ALWAYS_SEARCH_USER_PATHS = NO;
				CLANG_ANALYZER_NONNULL = YES;
				CLANG_ANALYZER_NUMBER_OBJECT_CONVERSION = YES_AGGRESSIVE;
				CLANG_CXX_LANGUAGE_STANDARD = "gnu++20";
				CLANG_ENABLE_MODULES = YES;
				CLANG_ENABLE_OBJC_ARC = YES;
				CLANG_ENABLE_OBJC_WEAK = YES;
				CLANG_WARN_BLOCK_CAPTURE_AUTORELEASING = YES;
				CLANG_WARN_BOOL_CONVERSION = YES;
				CLANG_WARN_COMMA = YES;
				CLANG_WARN_CONSTANT_CONVERSION = YES;
				CLANG_WARN_DEPRECATED_OBJC_IMPLEMENTATIONS = YES;
				CLANG_WARN_DIRECT_OBJC_ISA_USAGE = YES_ERROR;
				CLANG_WARN_DOCUMENTATION_COMMENTS = YES;
				CLANG_WARN_EMPTY_BODY = YES;
				CLANG_WARN_ENUM_CONVERSION = YES;
				CLANG_WARN_INFINITE_RECURSION = YES;
				CLANG_WARN_INT_CONVERSION = YES;
				CLANG_WARN_NON_LITERAL_NULL_CONVERSION = YES;
				CLANG_WARN_OBJC_IMPLICIT_RETAIN_SELF = YES;
				CLANG_WARN_OBJC_LITERAL_CONVERSION = YES;
				CLANG_WARN_OBJC_ROOT_CLASS = YES_ERROR;
				CLANG_WARN_QUOTED_INCLUDE_IN_FRAMEWORK_HEADER = YES;
				CLANG_WARN_RANGE_LOOP_ANALYSIS = YES;
				CLANG_WARN_STRICT_PROTOTYPES = YES;
				CLANG_WARN_SUSPICIOUS_MOVE = YES;
				CLANG_WARN_UNGUARDED_AVAILABILITY = YES_AGGRESSIVE;
				CLANG_WARN_UNREACHABLE_CODE = YES;
				CLANG_WARN__DUPLICATE_METHOD_MATCH = YES;
				COPY_PHASE_STRIP = NO;
				DEBUG_INFORMATION_FORMAT = "dwarf-with-dsym";
				ENABLE_NS_ASSERTIONS = NO;
				ENABLE_STRICT_OBJC_MSGSEND = YES;
				GCC_C_LANGUAGE_STANDARD = gnu11;
				GCC_NO_COMMON_BLOCKS = YES;
				GCC_WARN_64_TO_32_BIT_CONVERSION = YES;
				GCC_WARN_ABOUT_RETURN_TYPE = YES_ERROR;
				GCC_WARN_UNDECLARED_SELECTOR = YES;
				GCC_WARN_UNINITIALIZED_AUTOS = YES_AGGRESSIVE;
				GCC_WARN_UNUSED_FUNCTION = YES;
				GCC_WARN_UNUSED_VARIABLE = YES;
				IPHONEOS_DEPLOYMENT_TARGET = 16.2;
				MTL_ENABLE_DEBUG_INFO = NO;
				MTL_FAST_MATH = YES;
				SDKROOT = iphoneos;
				SWIFT_COMPILATION_MODE = wholemodule;
				SWIFT_OPTIMIZATION_LEVEL = "-O";
				VALIDATE_PRODUCT = YES;
			};
			name = Release;
		};
		F4F1C9932ABA0A3E000C3B0A /* Debug */ = {
			isa = XCBuildConfiguration;
			buildSettings = {
				ASSETCATALOG_COMPILER_APPICON_NAME = AppIcon;
				ASSETCATALOG_COMPILER_GLOBAL_ACCENT_COLOR_NAME = AccentColor;
				CODE_SIGN_STYLE = Automatic;
				CURRENT_PROJECT_VERSION = 1;
				DEVELOPMENT_ASSET_PATHS = "\"RPG Manager/Preview Content\"";
				DEVELOPMENT_TEAM = 7J8QY4389H;
				ENABLE_PREVIEWS = YES;
				GENERATE_INFOPLIST_FILE = YES;
				INFOPLIST_KEY_UIApplicationSceneManifest_Generation = YES;
				INFOPLIST_KEY_UIApplicationSupportsIndirectInputEvents = YES;
				INFOPLIST_KEY_UILaunchScreen_Generation = YES;
				INFOPLIST_KEY_UISupportedInterfaceOrientations_iPad = "UIInterfaceOrientationPortrait UIInterfaceOrientationPortraitUpsideDown UIInterfaceOrientationLandscapeLeft UIInterfaceOrientationLandscapeRight";
				INFOPLIST_KEY_UISupportedInterfaceOrientations_iPhone = "UIInterfaceOrientationPortrait UIInterfaceOrientationLandscapeLeft UIInterfaceOrientationLandscapeRight";
				LD_RUNPATH_SEARCH_PATHS = (
					"$(inherited)",
					"@executable_path/Frameworks",
				);
				MARKETING_VERSION = 1.0;
				PRODUCT_BUNDLE_IDENTIFIER = "Giovani.RPG-Manager";
				PRODUCT_NAME = "$(TARGET_NAME)";
				SWIFT_EMIT_LOC_STRINGS = YES;
				SWIFT_VERSION = 5.0;
				TARGETED_DEVICE_FAMILY = "1,2";
			};
			name = Debug;
		};
		F4F1C9942ABA0A3E000C3B0A /* Release */ = {
			isa = XCBuildConfiguration;
			buildSettings = {
				ASSETCATALOG_COMPILER_APPICON_NAME = AppIcon;
				ASSETCATALOG_COMPILER_GLOBAL_ACCENT_COLOR_NAME = AccentColor;
				CODE_SIGN_STYLE = Automatic;
				CURRENT_PROJECT_VERSION = 1;
				DEVELOPMENT_ASSET_PATHS = "\"RPG Manager/Preview Content\"";
				DEVELOPMENT_TEAM = 7J8QY4389H;
				ENABLE_PREVIEWS = YES;
				GENERATE_INFOPLIST_FILE = YES;
				INFOPLIST_KEY_UIApplicationSceneManifest_Generation = YES;
				INFOPLIST_KEY_UIApplicationSupportsIndirectInputEvents = YES;
				INFOPLIST_KEY_UILaunchScreen_Generation = YES;
				INFOPLIST_KEY_UISupportedInterfaceOrientations_iPad = "UIInterfaceOrientationPortrait UIInterfaceOrientationPortraitUpsideDown UIInterfaceOrientationLandscapeLeft UIInterfaceOrientationLandscapeRight";
				INFOPLIST_KEY_UISupportedInterfaceOrientations_iPhone = "UIInterfaceOrientationPortrait UIInterfaceOrientationLandscapeLeft UIInterfaceOrientationLandscapeRight";
				LD_RUNPATH_SEARCH_PATHS = (
					"$(inherited)",
					"@executable_path/Frameworks",
				);
				MARKETING_VERSION = 1.0;
				PRODUCT_BUNDLE_IDENTIFIER = "Giovani.RPG-Manager";
				PRODUCT_NAME = "$(TARGET_NAME)";
				SWIFT_EMIT_LOC_STRINGS = YES;
				SWIFT_VERSION = 5.0;
				TARGETED_DEVICE_FAMILY = "1,2";
			};
			name = Release;
		};
/* End XCBuildConfiguration section */

/* Begin XCConfigurationList section */
		F4F1C97F2ABA0A3D000C3B0A /* Build configuration list for PBXProject "RPG Manager" */ = {
			isa = XCConfigurationList;
			buildConfigurations = (
				F4F1C9902ABA0A3E000C3B0A /* Debug */,
				F4F1C9912ABA0A3E000C3B0A /* Release */,
			);
			defaultConfigurationIsVisible = 0;
			defaultConfigurationName = Release;
		};
		F4F1C9922ABA0A3E000C3B0A /* Build configuration list for PBXNativeTarget "RPG Manager" */ = {
			isa = XCConfigurationList;
			buildConfigurations = (
				F4F1C9932ABA0A3E000C3B0A /* Debug */,
				F4F1C9942ABA0A3E000C3B0A /* Release */,
			);
			defaultConfigurationIsVisible = 0;
			defaultConfigurationName = Release;
		};
/* End XCConfigurationList section */
	};
	rootObject = F4F1C97C2ABA0A3D000C3B0A /* Project object */;
}
